
Microsoft Visual Studio Solution File, Format Version 12.00
# Visual Studio Version 17
VisualStudioVersion = 17.9.34723.18
MinimumVisualStudioVersion = 10.0.40219.1
Project("{9A19103F-16F7-4668-BE54-9A1E7A4F7556}") = "Augong.CSharp.ConsoleApp", "Augong.CSharp\Augong.CSharp.ConsoleApp.csproj", "{52E76A7F-DCC4-4EE5-8089-70520DDCA245}"
EndProject
Project("{9A19103F-16F7-4668-BE54-9A1E7A4F7556}") = "Augong.OpenCVTool", "Augong.OpenCV\Augong.OpenCVTool.csproj", "{4D62F688-F601-4041-A3E4-30E81BE79AB0}"
EndProject
Project("{FAE04EC0-301F-11D3-BF4B-00C04F79EFBC}") = "OpenCVTool", "OpenCVTool\OpenCVTool.csproj", "{909BCDAF-B8F7-4632-915F-52587986A2BC}"
EndProject
Project("{9A19103F-16F7-4668-BE54-9A1E7A4F7556}") = "Augong.Enum", "Augong.Enum\Augong.Enum.csproj", "{0B52CE9E-D516-4EC8-8C0D-0B4FAFF035F8}"
EndProject
Project("{9A19103F-16F7-4668-BE54-9A1E7A4F7556}") = "Augong.OpenCVDisplay", "OpenCVDisplay\Augong.OpenCVDisplay.csproj", "{4AA2D5AC-8471-4FEE-BA84-570164D8CD7A}"
EndProject
Project("{9A19103F-16F7-4668-BE54-9A1E7A4F7556}") = "Augong.CSharp.Contract", "Augong.CSharp.Contract\Augong.CSharp.Contract.csproj", "{04A710AB-3DD5-4807-87AA-AE9C2750FA01}"
EndProject
Project("{9A19103F-16F7-4668-BE54-9A1E7A4F7556}") = "Augong.ProcessTest", "ProcessTest\Augong.ProcessTest.csproj", "{D5945573-D3B3-414C-A483-A67680C97077}"
EndProject
Project("{9A19103F-16F7-4668-BE54-9A1E7A4F7556}") = "SocketTest", "SocketTest\SocketTest.csproj", "{474F2950-9FBD-4870-BF29-A54F845CE18A}"
EndProject
Project("{9A19103F-16F7-4668-BE54-9A1E7A4F7556}") = "Augong.UI", "Augong.UI\Augong.UI.csproj", "{F7CF8745-E9AC-4222-B9A8-8C62573B9DCD}"
EndProject
Project("{9A19103F-16F7-4668-BE54-9A1E7A4F7556}") = "Augong.Util", "Augong.Util\Augong.Util.csproj", "{8EC2F78B-B7C1-49F8-B146-4C1CF46FEB7F}"
EndProject
Project("{9A19103F-16F7-4668-BE54-9A1E7A4F7556}") = "Augong.Math", "Augong.Math\Augong.Math.csproj", "{0ECF2E07-32DA-4ABE-AE2D-70E55B4C97CC}"
EndProject
Project("{FAE04EC0-301F-11D3-BF4B-00C04F79EFBC}") = "Augong.ThreadTest", "Augong.ThreadTest\Augong.ThreadTest.csproj", "{061D80D5-371C-4B3F-98B4-584CEC973FF8}"
EndProject
Project("{FAE04EC0-301F-11D3-BF4B-00C04F79EFBC}") = "Augong.NewPipe", "Augong.NewPipe\Augong.NewPipe.csproj", "{7E2F7FB6-266F-48AF-A282-0A7BEBD7FFB5}"
EndProject
Global
	GlobalSection(SolutionConfigurationPlatforms) = preSolution
		Debug|Any CPU = Debug|Any CPU
		Release|Any CPU = Release|Any CPU
	EndGlobalSection
	GlobalSection(ProjectConfigurationPlatforms) = postSolution
		{52E76A7F-DCC4-4EE5-8089-70520DDCA245}.Debug|Any CPU.ActiveCfg = Debug|Any CPU
		{52E76A7F-DCC4-4EE5-8089-70520DDCA245}.Debug|Any CPU.Build.0 = Debug|Any CPU
		{52E76A7F-DCC4-4EE5-8089-70520DDCA245}.Release|Any CPU.ActiveCfg = Release|Any CPU
		{52E76A7F-DCC4-4EE5-8089-70520DDCA245}.Release|Any CPU.Build.0 = Release|Any CPU
		{4D62F688-F601-4041-A3E4-30E81BE79AB0}.Debug|Any CPU.ActiveCfg = Debug|Any CPU
		{4D62F688-F601-4041-A3E4-30E81BE79AB0}.Debug|Any CPU.Build.0 = Debug|Any CPU
		{4D62F688-F601-4041-A3E4-30E81BE79AB0}.Release|Any CPU.ActiveCfg = Release|Any CPU
		{4D62F688-F601-4041-A3E4-30E81BE79AB0}.Release|Any CPU.Build.0 = Release|Any CPU
		{909BCDAF-B8F7-4632-915F-52587986A2BC}.Debug|Any CPU.ActiveCfg = Debug|Any CPU
		{909BCDAF-B8F7-4632-915F-52587986A2BC}.Debug|Any CPU.Build.0 = Debug|Any CPU
		{909BCDAF-B8F7-4632-915F-52587986A2BC}.Release|Any CPU.ActiveCfg = Release|Any CPU
		{909BCDAF-B8F7-4632-915F-52587986A2BC}.Release|Any CPU.Build.0 = Release|Any CPU
		{0B52CE9E-D516-4EC8-8C0D-0B4FAFF035F8}.Debug|Any CPU.ActiveCfg = Debug|Any CPU
		{0B52CE9E-D516-4EC8-8C0D-0B4FAFF035F8}.Debug|Any CPU.Build.0 = Debug|Any CPU
		{0B52CE9E-D516-4EC8-8C0D-0B4FAFF035F8}.Release|Any CPU.ActiveCfg = Release|Any CPU
		{0B52CE9E-D516-4EC8-8C0D-0B4FAFF035F8}.Release|Any CPU.Build.0 = Release|Any CPU
		{4AA2D5AC-8471-4FEE-BA84-570164D8CD7A}.Debug|Any CPU.ActiveCfg = Debug|Any CPU
		{4AA2D5AC-8471-4FEE-BA84-570164D8CD7A}.Debug|Any CPU.Build.0 = Debug|Any CPU
		{4AA2D5AC-8471-4FEE-BA84-570164D8CD7A}.Release|Any CPU.ActiveCfg = Release|Any CPU
		{4AA2D5AC-8471-4FEE-BA84-570164D8CD7A}.Release|Any CPU.Build.0 = Release|Any CPU
		{04A710AB-3DD5-4807-87AA-AE9C2750FA01}.Debug|Any CPU.ActiveCfg = Debug|Any CPU
		{04A710AB-3DD5-4807-87AA-AE9C2750FA01}.Debug|Any CPU.Build.0 = Debug|Any CPU
		{04A710AB-3DD5-4807-87AA-AE9C2750FA01}.Release|Any CPU.ActiveCfg = Release|Any CPU
		{04A710AB-3DD5-4807-87AA-AE9C2750FA01}.Release|Any CPU.Build.0 = Release|Any CPU
		{D5945573-D3B3-414C-A483-A67680C97077}.Debug|Any CPU.ActiveCfg = Debug|Any CPU
		{D5945573-D3B3-414C-A483-A67680C97077}.Debug|Any CPU.Build.0 = Debug|Any CPU
		{D5945573-D3B3-414C-A483-A67680C97077}.Release|Any CPU.ActiveCfg = Release|Any CPU
		{D5945573-D3B3-414C-A483-A67680C97077}.Release|Any CPU.Build.0 = Release|Any CPU
		{474F2950-9FBD-4870-BF29-A54F845CE18A}.Debug|Any CPU.ActiveCfg = Debug|Any CPU
		{474F2950-9FBD-4870-BF29-A54F845CE18A}.Debug|Any CPU.Build.0 = Debug|Any CPU
		{474F2950-9FBD-4870-BF29-A54F845CE18A}.Release|Any CPU.ActiveCfg = Release|Any CPU
		{474F2950-9FBD-4870-BF29-A54F845CE18A}.Release|Any CPU.Build.0 = Release|Any CPU
		{F7CF8745-E9AC-4222-B9A8-8C62573B9DCD}.Debug|Any CPU.ActiveCfg = Debug|Any CPU
		{F7CF8745-E9AC-4222-B9A8-8C62573B9DCD}.Debug|Any CPU.Build.0 = Debug|Any CPU
		{F7CF8745-E9AC-4222-B9A8-8C62573B9DCD}.Release|Any CPU.ActiveCfg = Release|Any CPU
		{F7CF8745-E9AC-4222-B9A8-8C62573B9DCD}.Release|Any CPU.Build.0 = Release|Any CPU
		{8EC2F78B-B7C1-49F8-B146-4C1CF46FEB7F}.Debug|Any CPU.ActiveCfg = Debug|Any CPU
		{8EC2F78B-B7C1-49F8-B146-4C1CF46FEB7F}.Debug|Any CPU.Build.0 = Debug|Any CPU
		{8EC2F78B-B7C1-49F8-B146-4C1CF46FEB7F}.Release|Any CPU.ActiveCfg = Release|Any CPU
		{8EC2F78B-B7C1-49F8-B146-4C1CF46FEB7F}.Release|Any CPU.Build.0 = Release|Any CPU
		{0ECF2E07-32DA-4ABE-AE2D-70E55B4C97CC}.Debug|Any CPU.ActiveCfg = Debug|Any CPU
		{0ECF2E07-32DA-4ABE-AE2D-70E55B4C97CC}.Debug|Any CPU.Build.0 = Debug|Any CPU
		{0ECF2E07-32DA-4ABE-AE2D-70E55B4C97CC}.Release|Any CPU.ActiveCfg = Release|Any CPU
		{0ECF2E07-32DA-4ABE-AE2D-70E55B4C97CC}.Release|Any CPU.Build.0 = Release|Any CPU
		{061D80D5-371C-4B3F-98B4-584CEC973FF8}.Debug|Any CPU.ActiveCfg = Debug|Any CPU
		{061D80D5-371C-4B3F-98B4-584CEC973FF8}.Debug|Any CPU.Build.0 = Debug|Any CPU
		{061D80D5-371C-4B3F-98B4-584CEC973FF8}.Release|Any CPU.ActiveCfg = Release|Any CPU
		{061D80D5-371C-4B3F-98B4-584CEC973FF8}.Release|Any CPU.Build.0 = Release|Any CPU
		{7E2F7FB6-266F-48AF-A282-0A7BEBD7FFB5}.Debug|Any CPU.ActiveCfg = Debug|Any CPU
		{7E2F7FB6-266F-48AF-A282-0A7BEBD7FFB5}.Debug|Any CPU.Build.0 = Debug|Any CPU
		{7E2F7FB6-266F-48AF-A282-0A7BEBD7FFB5}.Release|Any CPU.ActiveCfg = Release|Any CPU
		{7E2F7FB6-266F-48AF-A282-0A7BEBD7FFB5}.Release|Any CPU.Build.0 = Release|Any CPU
	EndGlobalSection
	GlobalSection(SolutionProperties) = preSolution
		HideSolutionNode = FALSE
	EndGlobalSection
	GlobalSection(ExtensibilityGlobals) = postSolution
		SolutionGuid = {2A16CE0C-9733-43F5-9C1E-BD1C5A8BD7E8}
	EndGlobalSection
EndGlobal
